<?xml version="1.0" encoding="utf-8"?>
<Project ToolsVersion="4.0" xmlns="http://schemas.microsoft.com/developer/msbuild/2003">
  <ItemGroup>
    <Filter Include="Asena">
      <UniqueIdentifier>{AD04D80C-1919-00BE-E29A-A31D4E6EFCEE}</UniqueIdentifier>
    </Filter>
  </ItemGroup>
  <ItemGroup>
    <ClInclude Include="src\Asena.h" />
    <ClInclude Include="src\Asena\Application.h">
      <Filter>Asena</Filter>
    </ClInclude>
    <ClInclude Include="src\Asena\Core.h">
      <Filter>Asena</Filter>
    </ClInclude>
    <ClInclude Include="src\Asena\EntryPoint.h">
      <Filter>Asena</Filter>
    </ClInclude>
    <ClInclude Include="src\Asena\Log.h">
      <Filter>Asena</Filter>
    </ClInclude>
  </ItemGroup>
  <ItemGroup>
    <ClCompile Include="src\Asena\Application.cpp">
      <Filter>Asena</Filter>
    </ClCompile>
    <ClCompile Include="src\Asena\Log.cpp">
      <Filter>Asena</Filter>
    </ClCompile>
  </ItemGroup>
</Project>